
Microsoft Visual Studio Solution File, Format Version 12.00
# Visual Studio Version 16
VisualStudioVersion = 16.0.31313.79
MinimumVisualStudioVersion = 10.0.40219.1
Project("{FAE04EC0-301F-11D3-BF4B-00C04F79EFBC}") = "Homework 5", "Homework 5.csproj", "{F800E6BB-61F5-4936-9700-BA2025CE08BA}"
EndProject
Global
	GlobalSection(SolutionConfigurationPlatforms) = preSolution
		Debug|Any CPU = Debug|Any CPU
		Release|Any CPU = Release|Any CPU
	EndGlobalSection
	GlobalSection(ProjectConfigurationPlatforms) = postSolution
		{F800E6BB-61F5-4936-9700-BA2025CE08BA}.Debug|Any CPU.ActiveCfg = Debug|Any CPU
		{F800E6BB-61F5-4936-9700-BA2025CE08BA}.Debug|Any CPU.Build.0 = Debug|Any CPU
		{F800E6BB-61F5-4936-9700-BA2025CE08BA}.Release|Any CPU.ActiveCfg = Release|Any CPU
		{F800E6BB-61F5-4936-9700-BA2025CE08BA}.Release|Any CPU.Build.0 = Release|Any CPU
	EndGlobalSection
	GlobalSection(SolutionProperties) = preSolution
		HideSolutionNode = FALSE
	EndGlobalSection
	GlobalSection(ExtensibilityGlobals) = postSolution
		SolutionGuid = {D5C7D14A-9BEB-45D8-81B4-BFE7E0FFA277}
	EndGlobalSection
EndGlobal
